
Microsoft Visual Studio Solution File, Format Version 12.00
# Visual Studio Version 17
VisualStudioVersion = 17.7.34003.232
MinimumVisualStudioVersion = 10.0.40219.1
Project("{FAE04EC0-301F-11D3-BF4B-00C04F79EFBC}") = "Sanakirja Search", "Sanakirja Search\Sanakirja Search.csproj", "{7661CFB2-A8DB-4671-85F0-BCFC90D8815E}"
EndProject
Global
	GlobalSection(SolutionConfigurationPlatforms) = preSolution
		Debug|Any CPU = Debug|Any CPU
		Release|Any CPU = Release|Any CPU
	EndGlobalSection
	GlobalSection(ProjectConfigurationPlatforms) = postSolution
		{7661CFB2-A8DB-4671-85F0-BCFC90D8815E}.Debug|Any CPU.ActiveCfg = Debug|Any CPU
		{7661CFB2-A8DB-4671-85F0-BCFC90D8815E}.Debug|Any CPU.Build.0 = Debug|Any CPU
		{7661CFB2-A8DB-4671-85F0-BCFC90D8815E}.Release|Any CPU.ActiveCfg = Release|Any CPU
		{7661CFB2-A8DB-4671-85F0-BCFC90D8815E}.Release|Any CPU.Build.0 = Release|Any CPU
	EndGlobalSection
	GlobalSection(SolutionProperties) = preSolution
		HideSolutionNode = FALSE
	EndGlobalSection
	GlobalSection(ExtensibilityGlobals) = postSolution
		SolutionGuid = {7FDE2EF8-9D30-448C-9E50-46D6C5E67B73}
	EndGlobalSection
EndGlobal
